// !$*UTF8*$!
{
	archiveVersion = 1;
	classes = {
	};
	objectVersion = 77;
	objects = {

/* Begin PBXContainerItemProxy section */
		2B1939732DD89DCA0067AABA /* PBXContainerItemProxy */ = {
			isa = PBXContainerItemProxy;
			containerPortal = 2B19395D2DD89DC70067AABA /* Project object */;
			proxyType = 1;
			remoteGlobalIDString = 2B1939642DD89DC70067AABA;
			remoteInfo = MessageFilterApp;
		};
		2B19397D2DD89DCA0067AABA /* PBXContainerItemProxy */ = {
			isa = PBXContainerItemProxy;
			containerPortal = 2B19395D2DD89DC70067AABA /* Project object */;
			proxyType = 1;
			remoteGlobalIDString = 2B1939642DD89DC70067AABA;
			remoteInfo = MessageFilterApp;
		};
/* End PBXContainerItemProxy section */

/* Begin PBXFileReference section */
		2B1939652DD89DC70067AABA /* MessageFilterApp.app */ = {isa = PBXFileReference; explicitFileType = wrapper.application; includeInIndex = 0; path = MessageFilterApp.app; sourceTree = BUILT_PRODUCTS_DIR; };
		2B1939722DD89DCA0067AABA /* MessageFilterAppTests.xctest */ = {isa = PBXFileReference; explicitFileType = wrapper.cfbundle; includeInIndex = 0; path = MessageFilterAppTests.xctest; sourceTree = BUILT_PRODUCTS_DIR; };
		2B19397C2DD89DCA0067AABA /* MessageFilterAppUITests.xctest */ = {isa = PBXFileReference; explicitFileType = wrapper.cfbundle; includeInIndex = 0; path = MessageFilterAppUITests.xctest; sourceTree = BUILT_PRODUCTS_DIR; };
/* End PBXFileReference section */

/* Begin PBXFileSystemSynchronizedRootGroup section */
		2B1939672DD89DC70067AABA /* MessageFilterApp */ = {
			isa = PBXFileSystemSynchronizedRootGroup;
			path = MessageFilterApp;
			sourceTree = "<group>";
		};
		2B1939752DD89DCA0067AABA /* MessageFilterAppTests */ = {
			isa = PBXFileSystemSynchronizedRootGroup;
			path = MessageFilterAppTests;
			sourceTree = "<group>";
		};
		2B19397F2DD89DCA0067AABA /* MessageFilterAppUITests */ = {
			isa = PBXFileSystemSynchronizedRootGroup;
			path = MessageFilterAppUITests;
			sourceTree = "<group>";
		};
/* End PBXFileSystemSynchronizedRootGroup section */

/* Begin PBXFrameworksBuildPhase section */
		2B1939622DD89DC70067AABA /* Frameworks */ = {
			isa = PBXFrameworksBuildPhase;
			buildActionMask = 2147483647;
			files = (
			);
			runOnlyForDeploymentPostprocessing = 0;
		};
		2B19396F2DD89DCA0067AABA /* Frameworks */ = {
			isa = PBXFrameworksBuildPhase;
			buildActionMask = 2147483647;
			files = (
			);
			runOnlyForDeploymentPostprocessing = 0;
		};
		2B1939792DD89DCA0067AABA /* Frameworks */ = {
			isa = PBXFrameworksBuildPhase;
			buildActionMask = 2147483647;
			files = (
			);
			runOnlyForDeploymentPostprocessing = 0;
		};
/* End PBXFrameworksBuildPhase section */

/* Begin PBXGroup section */
		2B19395C2DD89DC70067AABA = {
			isa = PBXGroup;
			children = (
				2B1939672DD89DC70067AABA /* MessageFilterApp */,
				2B1939752DD89DCA0067AABA /* MessageFilterAppTests */,
				2B19397F2DD89DCA0067AABA /* MessageFilterAppUITests */,
				2B1939662DD89DC70067AABA /* Products */,
			);
			sourceTree = "<group>";
		};
		2B1939662DD89DC70067AABA /* Products */ = {
			isa = PBXGroup;
			children = (
				2B1939652DD89DC70067AABA /* MessageFilterApp.app */,
				2B1939722DD89DCA0067AABA /* MessageFilterAppTests.xctest */,
				2B19397C2DD89DCA0067AABA /* MessageFilterAppUITests.xctest */,
			);
			name = Products;
			sourceTree = "<group>";
		};
/* End PBXGroup section */

/* Begin PBXNativeTarget section */
		2B1939642DD89DC70067AABA /* MessageFilterApp */ = {
			isa = PBXNativeTarget;
			buildConfigurationList = 2B1939862DD89DCA0067AABA /* Build configuration list for PBXNativeTarget "MessageFilterApp" */;
			buildPhases = (
				2B1939612DD89DC70067AABA /* Sources */,
				2B1939622DD89DC70067AABA /* Frameworks */,
				2B1939632DD89DC70067AABA /* Resources */,
			);
			buildRules = (
			);
			dependencies = (
			);
			fileSystemSynchronizedGroups = (
				2B1939672DD89DC70067AABA /* MessageFilterApp */,
			);
			name = MessageFilterApp;
			packageProductDependencies = (
			);
			productName = MessageFilterApp;
			productReference = 2B1939652DD89DC70067AABA /* MessageFilterApp.app */;
			productType = "com.apple.product-type.application";
		};
		2B1939712DD89DCA0067AABA /* MessageFilterAppTests */ = {
			isa = PBXNativeTarget;
			buildConfigurationList = 2B1939892DD89DCA0067AABA /* Build configuration list for PBXNativeTarget "MessageFilterAppTests" */;
			buildPhases = (
				2B19396E2DD89DCA0067AABA /* Sources */,
				2B19396F2DD89DCA0067AABA /* Frameworks */,
				2B1939702DD89DCA0067AABA /* Resources */,
			);
			buildRules = (
			);
			dependencies = (
				2B1939742DD89DCA0067AABA /* PBXTargetDependency */,
			);
			fileSystemSynchronizedGroups = (
				2B1939752DD89DCA0067AABA /* MessageFilterAppTests */,
			);
			name = MessageFilterAppTests;
			packageProductDependencies = (
			);
			productName = MessageFilterAppTests;
			productReference = 2B1939722DD89DCA0067AABA /* MessageFilterAppTests.xctest */;
			productType = "com.apple.product-type.bundle.unit-test";
		};
		2B19397B2DD89DCA0067AABA /* MessageFilterAppUITests */ = {
			isa = PBXNativeTarget;
			buildConfigurationList = 2B19398C2DD89DCA0067AABA /* Build configuration list for PBXNativeTarget "MessageFilterAppUITests" */;
			buildPhases = (
				2B1939782DD89DCA0067AABA /* Sources */,
				2B1939792DD89DCA0067AABA /* Frameworks */,
				2B19397A2DD89DCA0067AABA /* Resources */,
			);
			buildRules = (
			);
			dependencies = (
				2B19397E2DD89DCA0067AABA /* PBXTargetDependency */,
			);
			fileSystemSynchronizedGroups = (
				2B19397F2DD89DCA0067AABA /* MessageFilterAppUITests */,
			);
			name = MessageFilterAppUITests;
			packageProductDependencies = (
			);
			productName = MessageFilterAppUITests;
			productReference = 2B19397C2DD89DCA0067AABA /* MessageFilterAppUITests.xctest */;
			productType = "com.apple.product-type.bundle.ui-testing";
		};
/* End PBXNativeTarget section */

/* Begin PBXProject section */
		2B19395D2DD89DC70067AABA /* Project object */ = {
			isa = PBXProject;
			attributes = {
				BuildIndependentTargetsInParallel = 1;
				LastSwiftUpdateCheck = 1630;
				LastUpgradeCheck = 1630;
				TargetAttributes = {
					2B1939642DD89DC70067AABA = {
						CreatedOnToolsVersion = 16.3;
					};
					2B1939712DD89DCA0067AABA = {
						CreatedOnToolsVersion = 16.3;
						TestTargetID = 2B1939642DD89DC70067AABA;
					};
					2B19397B2DD89DCA0067AABA = {
						CreatedOnToolsVersion = 16.3;
						TestTargetID = 2B1939642DD89DC70067AABA;
					};
				};
			};
			buildConfigurationList = 2B1939602DD89DC70067AABA /* Build configuration list for PBXProject "MessageFilterApp" */;
			developmentRegion = en;
			hasScannedForEncodings = 0;
			knownRegions = (
				en,
				Base,
			);
			mainGroup = 2B19395C2DD89DC70067AABA;
			minimizedProjectReferenceProxies = 1;
			preferredProjectObjectVersion = 77;
			productRefGroup = 2B1939662DD89DC70067AABA /* Products */;
			projectDirPath = "";
			projectRoot = "";
			targets = (
				2B1939642DD89DC70067AABA /* MessageFilterApp */,
				2B1939712DD89DCA0067AABA /* MessageFilterAppTests */,
				2B19397B2DD89DCA0067AABA /* MessageFilterAppUITests */,
			);
		};
/* End PBXProject section */

/* Begin PBXResourcesBuildPhase section */
		2B1939632DD89DC70067AABA /* Resources */ = {
			isa = PBXResourcesBuildPhase;
			buildActionMask = 2147483647;
			files = (
			);
			runOnlyForDeploymentPostprocessing = 0;
		};
		2B1939702DD89DCA0067AABA /* Resources */ = {
			isa = PBXResourcesBuildPhase;
			buildActionMask = 2147483647;
			files = (
			);
			runOnlyForDeploymentPostprocessing = 0;
		};
		2B19397A2DD89DCA0067AABA /* Resources */ = {
			isa = PBXResourcesBuildPhase;
			buildActionMask = 2147483647;
			files = (
			);
			runOnlyForDeploymentPostprocessing = 0;
		};
/* End PBXResourcesBuildPhase section */

/* Begin PBXSourcesBuildPhase section */
		2B1939612DD89DC70067AABA /* Sources */ = {
			isa = PBXSourcesBuildPhase;
			buildActionMask = 2147483647;
			files = (
			);
			runOnlyForDeploymentPostprocessing = 0;
		};
		2B19396E2DD89DCA0067AABA /* Sources */ = {
			isa = PBXSourcesBuildPhase;
			buildActionMask = 2147483647;
			files = (
			);
			runOnlyForDeploymentPostprocessing = 0;
		};
		2B1939782DD89DCA0067AABA /* Sources */ = {
			isa = PBXSourcesBuildPhase;
			buildActionMask = 2147483647;
			files = (
			);
			runOnlyForDeploymentPostprocessing = 0;
		};
/* End PBXSourcesBuildPhase section */

/* Begin PBXTargetDependency section */
		2B1939742DD89DCA0067AABA /* PBXTargetDependency */ = {
			isa = PBXTargetDependency;
			target = 2B1939642DD89DC70067AABA /* MessageFilterApp */;
			targetProxy = 2B1939732DD89DCA0067AABA /* PBXContainerItemProxy */;
		};
		2B19397E2DD89DCA0067AABA /* PBXTargetDependency */ = {
			isa = PBXTargetDependency;
			target = 2B1939642DD89DC70067AABA /* MessageFilterApp */;
			targetProxy = 2B19397D2DD89DCA0067AABA /* PBXContainerItemProxy */;
		};
/* End PBXTargetDependency section */

/* Begin XCBuildConfiguration section */
		2B1939842DD89DCA0067AABA /* Debug */ = {
			isa = XCBuildConfiguration;
			buildSettings = {
				ALWAYS_SEARCH_USER_PATHS = NO;
				ASSETCATALOG_COMPILER_GENERATE_SWIFT_ASSET_SYMBOL_EXTENSIONS = YES;
				CLANG_ANALYZER_NONNULL = YES;
				CLANG_ANALYZER_NUMBER_OBJECT_CONVERSION = YES_AGGRESSIVE;
				CLANG_CXX_LANGUAGE_STANDARD = "gnu++20";
				CLANG_ENABLE_MODULES = YES;
				CLANG_ENABLE_OBJC_ARC = YES;
				CLANG_ENABLE_OBJC_WEAK = YES;
				CLANG_WARN_BLOCK_CAPTURE_AUTORELEASING = YES;
				CLANG_WARN_BOOL_CONVERSION = YES;
				CLANG_WARN_COMMA = YES;
				CLANG_WARN_CONSTANT_CONVERSION = YES;
				CLANG_WARN_DEPRECATED_OBJC_IMPLEMENTATIONS = YES;
				CLANG_WARN_DIRECT_OBJC_ISA_USAGE = YES_ERROR;
				CLANG_WARN_DOCUMENTATION_COMMENTS = YES;
				CLANG_WARN_EMPTY_BODY = YES;
				CLANG_WARN_ENUM_CONVERSION = YES;
				CLANG_WARN_INFINITE_RECURSION = YES;
				CLANG_WARN_INT_CONVERSION = YES;
				CLANG_WARN_NON_LITERAL_NULL_CONVERSION = YES;
				CLANG_WARN_OBJC_IMPLICIT_RETAIN_SELF = YES;
				CLANG_WARN_OBJC_LITERAL_CONVERSION = YES;
				CLANG_WARN_OBJC_ROOT_CLASS = YES_ERROR;
				CLANG_WARN_QUOTED_INCLUDE_IN_FRAMEWORK_HEADER = YES;
				CLANG_WARN_RANGE_LOOP_ANALYSIS = YES;
				CLANG_WARN_STRICT_PROTOTYPES = YES;
				CLANG_WARN_SUSPICIOUS_MOVE = YES;
				CLANG_WARN_UNGUARDED_AVAILABILITY = YES_AGGRESSIVE;
				CLANG_WARN_UNREACHABLE_CODE = YES;
				CLANG_WARN__DUPLICATE_METHOD_MATCH = YES;
				COPY_PHASE_STRIP = NO;
				DEBUG_INFORMATION_FORMAT = dwarf;
				ENABLE_STRICT_OBJC_MSGSEND = YES;
				ENABLE_TESTABILITY = YES;
				ENABLE_USER_SCRIPT_SANDBOXING = YES;
				GCC_C_LANGUAGE_STANDARD = gnu17;
				GCC_DYNAMIC_NO_PIC = NO;
				GCC_NO_COMMON_BLOCKS = YES;
				GCC_OPTIMIZATION_LEVEL = 0;
				GCC_PREPROCESSOR_DEFINITIONS = (
					"DEBUG=1",
					"$(inherited)",
				);
				GCC_WARN_64_TO_32_BIT_CONVERSION = YES;
				GCC_WARN_ABOUT_RETURN_TYPE = YES_ERROR;
				GCC_WARN_UNDECLARED_SELECTOR = YES;
				GCC_WARN_UNINITIALIZED_AUTOS = YES_AGGRESSIVE;
				GCC_WARN_UNUSED_FUNCTION = YES;
				GCC_WARN_UNUSED_VARIABLE = YES;
				IPHONEOS_DEPLOYMENT_TARGET = 18.4;
				LOCALIZATION_PREFERS_STRING_CATALOGS = YES;
				MTL_ENABLE_DEBUG_INFO = INCLUDE_SOURCE;
				MTL_FAST_MATH = YES;
				ONLY_ACTIVE_ARCH = YES;
				SDKROOT = iphoneos;
				SWIFT_ACTIVE_COMPILATION_CONDITIONS = "DEBUG $(inherited)";
				SWIFT_OPTIMIZATION_LEVEL = "-Onone";
			};
			name = Debug;
		};
		2B1939852DD89DCA0067AABA /* Release */ = {
			isa = XCBuildConfiguration;
			buildSettings = {
				ALWAYS_SEARCH_USER_PATHS = NO;
				ASSETCATALOG_COMPILER_GENERATE_SWIFT_ASSET_SYMBOL_EXTENSIONS = YES;
				CLANG_ANALYZER_NONNULL = YES;
				CLANG_ANALYZER_NUMBER_OBJECT_CONVERSION = YES_AGGRESSIVE;
				CLANG_CXX_LANGUAGE_STANDARD = "gnu++20";
				CLANG_ENABLE_MODULES = YES;
				CLANG_ENABLE_OBJC_ARC = YES;
				CLANG_ENABLE_OBJC_WEAK = YES;
				CLANG_WARN_BLOCK_CAPTURE_AUTORELEASING = YES;
				CLANG_WARN_BOOL_CONVERSION = YES;
				CLANG_WARN_COMMA = YES;
				CLANG_WARN_CONSTANT_CONVERSION = YES;
				CLANG_WARN_DEPRECATED_OBJC_IMPLEMENTATIONS = YES;
				CLANG_WARN_DIRECT_OBJC_ISA_USAGE = YES_ERROR;
				CLANG_WARN_DOCUMENTATION_COMMENTS = YES;
				CLANG_WARN_EMPTY_BODY = YES;
				CLANG_WARN_ENUM_CONVERSION = YES;
				CLANG_WARN_INFINITE_RECURSION = YES;
				CLANG_WARN_INT_CONVERSION = YES;
				CLANG_WARN_NON_LITERAL_NULL_CONVERSION = YES;
				CLANG_WARN_OBJC_IMPLICIT_RETAIN_SELF = YES;
				CLANG_WARN_OBJC_LITERAL_CONVERSION = YES;
				CLANG_WARN_OBJC_ROOT_CLASS = YES_ERROR;
				CLANG_WARN_QUOTED_INCLUDE_IN_FRAMEWORK_HEADER = YES;
				CLANG_WARN_RANGE_LOOP_ANALYSIS = YES;
				CLANG_WARN_STRICT_PROTOTYPES = YES;
				CLANG_WARN_SUSPICIOUS_MOVE = YES;
				CLANG_WARN_UNGUARDED_AVAILABILITY = YES_AGGRESSIVE;
				CLANG_WARN_UNREACHABLE_CODE = YES;
				CLANG_WARN__DUPLICATE_METHOD_MATCH = YES;
				COPY_PHASE_STRIP = NO;
				DEBUG_INFORMATION_FORMAT = "dwarf-with-dsym";
				ENABLE_NS_ASSERTIONS = NO;
				ENABLE_STRICT_OBJC_MSGSEND = YES;
				ENABLE_USER_SCRIPT_SANDBOXING = YES;
				GCC_C_LANGUAGE_STANDARD = gnu17;
				GCC_NO_COMMON_BLOCKS = YES;
				GCC_WARN_64_TO_32_BIT_CONVERSION = YES;
				GCC_WARN_ABOUT_RETURN_TYPE = YES_ERROR;
				GCC_WARN_UNDECLARED_SELECTOR = YES;
				GCC_WARN_UNINITIALIZED_AUTOS = YES_AGGRESSIVE;
				GCC_WARN_UNUSED_FUNCTION = YES;
				GCC_WARN_UNUSED_VARIABLE = YES;
				IPHONEOS_DEPLOYMENT_TARGET = 18.4;
				LOCALIZATION_PREFERS_STRING_CATALOGS = YES;
				MTL_ENABLE_DEBUG_INFO = NO;
				MTL_FAST_MATH = YES;
				SDKROOT = iphoneos;
				SWIFT_COMPILATION_MODE = wholemodule;
				VALIDATE_PRODUCT = YES;
			};
			name = Release;
		};
		2B1939872DD89DCA0067AABA /* Debug */ = {
			isa = XCBuildConfiguration;
			buildSettings = {
				ASSETCATALOG_COMPILER_APPICON_NAME = AppIcon;
				ASSETCATALOG_COMPILER_GLOBAL_ACCENT_COLOR_NAME = AccentColor;
				CODE_SIGN_STYLE = Automatic;
				CURRENT_PROJECT_VERSION = 1;
				ENABLE_PREVIEWS = YES;
				GENERATE_INFOPLIST_FILE = YES;
				INFOPLIST_KEY_UIApplicationSceneManifest_Generation = YES;
				INFOPLIST_KEY_UIApplicationSupportsIndirectInputEvents = YES;
				INFOPLIST_KEY_UILaunchScreen_Generation = YES;
				INFOPLIST_KEY_UISupportedInterfaceOrientations_iPad = "UIInterfaceOrientationPortrait UIInterfaceOrientationPortraitUpsideDown UIInterfaceOrientationLandscapeLeft UIInterfaceOrientationLandscapeRight";
				INFOPLIST_KEY_UISupportedInterfaceOrientations_iPhone = "UIInterfaceOrientationPortrait UIInterfaceOrientationLandscapeLeft UIInterfaceOrientationLandscapeRight";
				LD_RUNPATH_SEARCH_PATHS = (
					"$(inherited)",
					"@executable_path/Frameworks",
				);
				MARKETING_VERSION = 1.0;
				PRODUCT_BUNDLE_IDENTIFIER = com.three.MessageFilterApp;
				PRODUCT_NAME = "$(TARGET_NAME)";
				SWIFT_EMIT_LOC_STRINGS = YES;
				SWIFT_VERSION = 5.0;
				TARGETED_DEVICE_FAMILY = "1,2";
			};
			name = Debug;
		};
		2B1939882DD89DCA0067AABA /* Release */ = {
			isa = XCBuildConfiguration;
			buildSettings = {
				ASSETCATALOG_COMPILER_APPICON_NAME = AppIcon;
				ASSETCATALOG_COMPILER_GLOBAL_ACCENT_COLOR_NAME = AccentColor;
				CODE_SIGN_STYLE = Automatic;
				CURRENT_PROJECT_VERSION = 1;
				ENABLE_PREVIEWS = YES;
				GENERATE_INFOPLIST_FILE = YES;
				INFOPLIST_KEY_UIApplicationSceneManifest_Generation = YES;
				INFOPLIST_KEY_UIApplicationSupportsIndirectInputEvents = YES;
				INFOPLIST_KEY_UILaunchScreen_Generation = YES;
				INFOPLIST_KEY_UISupportedInterfaceOrientations_iPad = "UIInterfaceOrientationPortrait UIInterfaceOrientationPortraitUpsideDown UIInterfaceOrientationLandscapeLeft UIInterfaceOrientationLandscapeRight";
				INFOPLIST_KEY_UISupportedInterfaceOrientations_iPhone = "UIInterfaceOrientationPortrait UIInterfaceOrientationLandscapeLeft UIInterfaceOrientationLandscapeRight";
				LD_RUNPATH_SEARCH_PATHS = (
					"$(inherited)",
					"@executable_path/Frameworks",
				);
				MARKETING_VERSION = 1.0;
				PRODUCT_BUNDLE_IDENTIFIER = com.three.MessageFilterApp;
				PRODUCT_NAME = "$(TARGET_NAME)";
				SWIFT_EMIT_LOC_STRINGS = YES;
				SWIFT_VERSION = 5.0;
				TARGETED_DEVICE_FAMILY = "1,2";
			};
			name = Release;
		};
		2B19398A2DD89DCA0067AABA /* Debug */ = {
			isa = XCBuildConfiguration;
			buildSettings = {
				BUNDLE_LOADER = "$(TEST_HOST)";
				CODE_SIGN_STYLE = Automatic;
				CURRENT_PROJECT_VERSION = 1;
				GENERATE_INFOPLIST_FILE = YES;
				IPHONEOS_DEPLOYMENT_TARGET = 18.4;
				MARKETING_VERSION = 1.0;
				PRODUCT_BUNDLE_IDENTIFIER = com.three.MessageFilterAppTests;
				PRODUCT_NAME = "$(TARGET_NAME)";
				SWIFT_EMIT_LOC_STRINGS = NO;
				SWIFT_VERSION = 5.0;
				TARGETED_DEVICE_FAMILY = "1,2";
				TEST_HOST = "$(BUILT_PRODUCTS_DIR)/MessageFilterApp.app/$(BUNDLE_EXECUTABLE_FOLDER_PATH)/MessageFilterApp";
			};
			name = Debug;
		};
		2B19398B2DD89DCA0067AABA /* Release */ = {
			isa = XCBuildConfiguration;
			buildSettings = {
				BUNDLE_LOADER = "$(TEST_HOST)";
				CODE_SIGN_STYLE = Automatic;
				CURRENT_PROJECT_VERSION = 1;
				GENERATE_INFOPLIST_FILE = YES;
				IPHONEOS_DEPLOYMENT_TARGET = 18.4;
				MARKETING_VERSION = 1.0;
				PRODUCT_BUNDLE_IDENTIFIER = com.three.MessageFilterAppTests;
				PRODUCT_NAME = "$(TARGET_NAME)";
				SWIFT_EMIT_LOC_STRINGS = NO;
				SWIFT_VERSION = 5.0;
				TARGETED_DEVICE_FAMILY = "1,2";
				TEST_HOST = "$(BUILT_PRODUCTS_DIR)/MessageFilterApp.app/$(BUNDLE_EXECUTABLE_FOLDER_PATH)/MessageFilterApp";
			};
			name = Release;
		};
		2B19398D2DD89DCA0067AABA /* Debug */ = {
			isa = XCBuildConfiguration;
			buildSettings = {
				CODE_SIGN_STYLE = Automatic;
				CURRENT_PROJECT_VERSION = 1;
				GENERATE_INFOPLIST_FILE = YES;
				MARKETING_VERSION = 1.0;
				PRODUCT_BUNDLE_IDENTIFIER = com.three.MessageFilterAppUITests;
				PRODUCT_NAME = "$(TARGET_NAME)";
				SWIFT_EMIT_LOC_STRINGS = NO;
				SWIFT_VERSION = 5.0;
				TARGETED_DEVICE_FAMILY = "1,2";
				TEST_TARGET_NAME = MessageFilterApp;
			};
			name = Debug;
		};
		2B19398E2DD89DCA0067AABA /* Release */ = {
			isa = XCBuildConfiguration;
			buildSettings = {
				CODE_SIGN_STYLE = Automatic;
				CURRENT_PROJECT_VERSION = 1;
				GENERATE_INFOPLIST_FILE = YES;
				MARKETING_VERSION = 1.0;
				PRODUCT_BUNDLE_IDENTIFIER = com.three.MessageFilterAppUITests;
				PRODUCT_NAME = "$(TARGET_NAME)";
				SWIFT_EMIT_LOC_STRINGS = NO;
				SWIFT_VERSION = 5.0;
				TARGETED_DEVICE_FAMILY = "1,2";
				TEST_TARGET_NAME = MessageFilterApp;
			};
			name = Release;
		};
/* End XCBuildConfiguration section */

/* Begin XCConfigurationList section */
		2B1939602DD89DC70067AABA /* Build configuration list for PBXProject "MessageFilterApp" */ = {
			isa = XCConfigurationList;
			buildConfigurations = (
				2B1939842DD89DCA0067AABA /* Debug */,
				2B1939852DD89DCA0067AABA /* Release */,
			);
			defaultConfigurationIsVisible = 0;
			defaultConfigurationName = Release;
		};
		2B1939862DD89DCA0067AABA /* Build configuration list for PBXNativeTarget "MessageFilterApp" */ = {
			isa = XCConfigurationList;
			buildConfigurations = (
				2B1939872DD89DCA0067AABA /* Debug */,
				2B1939882DD89DCA0067AABA /* Release */,
			);
			defaultConfigurationIsVisible = 0;
			defaultConfigurationName = Release;
		};
		2B1939892DD89DCA0067AABA /* Build configuration list for PBXNativeTarget "MessageFilterAppTests" */ = {
			isa = XCConfigurationList;
			buildConfigurations = (
				2B19398A2DD89DCA0067AABA /* Debug */,
				2B19398B2DD89DCA0067AABA /* Release */,
			);
			defaultConfigurationIsVisible = 0;
			defaultConfigurationName = Release;
		};
		2B19398C2DD89DCA0067AABA /* Build configuration list for PBXNativeTarget "MessageFilterAppUITests" */ = {
			isa = XCConfigurationList;
			buildConfigurations = (
				2B19398D2DD89DCA0067AABA /* Debug */,
				2B19398E2DD89DCA0067AABA /* Release */,
			);
			defaultConfigurationIsVisible = 0;
			defaultConfigurationName = Release;
		};
/* End XCConfigurationList section */
	};
	rootObject = 2B19395D2DD89DC70067AABA /* Project object */;
}
